
Microsoft Visual Studio Solution File, Format Version 12.00
# Visual Studio Version 16
VisualStudioVersion = 16.0.31624.102
MinimumVisualStudioVersion = 10.0.40219.1
Project("{9A19103F-16F7-4668-BE54-9A1E7A4F7556}") = "EstoqueAlarmaq.Domain", "EstoqueAlarmaq.Domain\EstoqueAlarmaq.Domain.csproj", "{A61B2852-0FC0-412A-8F9F-9FA8F62EF6F5}"
EndProject
Project("{9A19103F-16F7-4668-BE54-9A1E7A4F7556}") = "EstoqueAlarmaq.Infra", "EstoqueAlarmaq.Infra\EstoqueAlarmaq.Infra.csproj", "{1F26ADE8-1CCE-419D-9A51-2B57C3541C8F}"
EndProject
Project("{FAE04EC0-301F-11D3-BF4B-00C04F79EFBC}") = "EstoqueAlarmaq.Application", "EstoqueAlarmaq.Aplication\EstoqueAlarmaq.Application.csproj", "{64216534-06FB-4E1A-BFFF-DF51BBC0C853}"
EndProject
Project("{FAE04EC0-301F-11D3-BF4B-00C04F79EFBC}") = "EstoqueAlarmaq.Api", "EstoqueAlarmaq.Api\EstoqueAlarmaq.Api.csproj", "{7AD12E28-54A4-4F08-BC97-9FFC896BDDDC}"
EndProject
Global
	GlobalSection(SolutionConfigurationPlatforms) = preSolution
		Debug|Any CPU = Debug|Any CPU
		Release|Any CPU = Release|Any CPU
	EndGlobalSection
	GlobalSection(ProjectConfigurationPlatforms) = postSolution
		{A61B2852-0FC0-412A-8F9F-9FA8F62EF6F5}.Debug|Any CPU.ActiveCfg = Debug|Any CPU
		{A61B2852-0FC0-412A-8F9F-9FA8F62EF6F5}.Debug|Any CPU.Build.0 = Debug|Any CPU
		{A61B2852-0FC0-412A-8F9F-9FA8F62EF6F5}.Release|Any CPU.ActiveCfg = Release|Any CPU
		{A61B2852-0FC0-412A-8F9F-9FA8F62EF6F5}.Release|Any CPU.Build.0 = Release|Any CPU
		{1F26ADE8-1CCE-419D-9A51-2B57C3541C8F}.Debug|Any CPU.ActiveCfg = Debug|Any CPU
		{1F26ADE8-1CCE-419D-9A51-2B57C3541C8F}.Debug|Any CPU.Build.0 = Debug|Any CPU
		{1F26ADE8-1CCE-419D-9A51-2B57C3541C8F}.Release|Any CPU.ActiveCfg = Release|Any CPU
		{1F26ADE8-1CCE-419D-9A51-2B57C3541C8F}.Release|Any CPU.Build.0 = Release|Any CPU
		{64216534-06FB-4E1A-BFFF-DF51BBC0C853}.Debug|Any CPU.ActiveCfg = Debug|Any CPU
		{64216534-06FB-4E1A-BFFF-DF51BBC0C853}.Debug|Any CPU.Build.0 = Debug|Any CPU
		{64216534-06FB-4E1A-BFFF-DF51BBC0C853}.Release|Any CPU.ActiveCfg = Release|Any CPU
		{64216534-06FB-4E1A-BFFF-DF51BBC0C853}.Release|Any CPU.Build.0 = Release|Any CPU
		{7AD12E28-54A4-4F08-BC97-9FFC896BDDDC}.Debug|Any CPU.ActiveCfg = Debug|Any CPU
		{7AD12E28-54A4-4F08-BC97-9FFC896BDDDC}.Debug|Any CPU.Build.0 = Debug|Any CPU
		{7AD12E28-54A4-4F08-BC97-9FFC896BDDDC}.Release|Any CPU.ActiveCfg = Release|Any CPU
		{7AD12E28-54A4-4F08-BC97-9FFC896BDDDC}.Release|Any CPU.Build.0 = Release|Any CPU
	EndGlobalSection
	GlobalSection(SolutionProperties) = preSolution
		HideSolutionNode = FALSE
	EndGlobalSection
	GlobalSection(ExtensibilityGlobals) = postSolution
		SolutionGuid = {AE1479CD-942A-47E7-B170-C99306EA84BF}
	EndGlobalSection
EndGlobal
